dependencies:
  espressif/led_strip:
    component_hash: f0d1b7f93eb3ee57bcfd220656176b0b5616e1947f89ed44364555cf910c4840
    dependencies:
    - name: idf
      require: private
      version: '>=5.0'
    source:
      registry_url: https://components.espressif.com/
      type: service
    version: 3.0.2
  idf:
    source:
      type: idf
    version: 5.5.0
  ixtech-dev/ws2812fx:
    component_hash: f3157176b18a84499939d70893f6194c57807b0688fb8c18cf9d38f94bf70a26
    dependencies:
    - name: idf
      require: private
      version: '>=5.0'
    - name: espressif/led_strip
      registry_url: https://components.espressif.com
      require: private
      version: '*'
    source:
      registry_url: https://components.espressif.com/
      type: service
    version: 1.4.5
direct_dependencies:
- espressif/led_strip
- idf
- ixtech-dev/ws2812fx
manifest_hash: 06941d7faabae133ab60c46d1b3587205592b5bf6d7ab87a05859f569c7c295e
target: esp32
version: 2.0.0
